
Microsoft Visual Studio Solution File, Format Version 12.00
# Visual Studio Version 17
VisualStudioVersion = 17.4.33213.308
MinimumVisualStudioVersion = 10.0.40219.1
Project("{9A19103F-16F7-4668-BE54-9A1E7A4F7556}") = "CompanyEmployees", "CompanyEmployees\CompanyEmployees.csproj", "{782E6BD8-C5FF-4001-B598-37A9CBE50510}"
EndProject
Project("{FAE04EC0-301F-11D3-BF4B-00C04F79EFBC}") = "Contracts", "Contracts\Contracts.csproj", "{91FB1BCF-0A71-48DA-968A-971B7CD65226}"
EndProject
Project("{FAE04EC0-301F-11D3-BF4B-00C04F79EFBC}") = "LoggerService", "LoggerService\LoggerService.csproj", "{025F4B1B-109B-45B9-9534-F256464D9448}"
EndProject
Project("{FAE04EC0-301F-11D3-BF4B-00C04F79EFBC}") = "Entities", "Entities\Entities.csproj", "{B7B1A58A-5552-4560-8E21-024AA46B53CD}"
EndProject
Project("{FAE04EC0-301F-11D3-BF4B-00C04F79EFBC}") = "Repository", "Repository\Repository.csproj", "{8C8A4F80-7711-4AE3-B0D0-9819E613BEE5}"
EndProject
Project("{FAE04EC0-301F-11D3-BF4B-00C04F79EFBC}") = "Service.Contracts", "Service.Contracts\Service.Contracts.csproj", "{EFD59731-AB7C-4C8E-A152-53CEC83CE923}"
EndProject
Project("{FAE04EC0-301F-11D3-BF4B-00C04F79EFBC}") = "Service", "Service\Service.csproj", "{CE404331-78F7-49D3-BE77-2C6328F21A10}"
EndProject
Global
	GlobalSection(SolutionConfigurationPlatforms) = preSolution
		Debug|Any CPU = Debug|Any CPU
		Release|Any CPU = Release|Any CPU
	EndGlobalSection
	GlobalSection(ProjectConfigurationPlatforms) = postSolution
		{782E6BD8-C5FF-4001-B598-37A9CBE50510}.Debug|Any CPU.ActiveCfg = Debug|Any CPU
		{782E6BD8-C5FF-4001-B598-37A9CBE50510}.Debug|Any CPU.Build.0 = Debug|Any CPU
		{782E6BD8-C5FF-4001-B598-37A9CBE50510}.Release|Any CPU.ActiveCfg = Release|Any CPU
		{782E6BD8-C5FF-4001-B598-37A9CBE50510}.Release|Any CPU.Build.0 = Release|Any CPU
		{91FB1BCF-0A71-48DA-968A-971B7CD65226}.Debug|Any CPU.ActiveCfg = Debug|Any CPU
		{91FB1BCF-0A71-48DA-968A-971B7CD65226}.Debug|Any CPU.Build.0 = Debug|Any CPU
		{91FB1BCF-0A71-48DA-968A-971B7CD65226}.Release|Any CPU.ActiveCfg = Release|Any CPU
		{91FB1BCF-0A71-48DA-968A-971B7CD65226}.Release|Any CPU.Build.0 = Release|Any CPU
		{025F4B1B-109B-45B9-9534-F256464D9448}.Debug|Any CPU.ActiveCfg = Debug|Any CPU
		{025F4B1B-109B-45B9-9534-F256464D9448}.Debug|Any CPU.Build.0 = Debug|Any CPU
		{025F4B1B-109B-45B9-9534-F256464D9448}.Release|Any CPU.ActiveCfg = Release|Any CPU
		{025F4B1B-109B-45B9-9534-F256464D9448}.Release|Any CPU.Build.0 = Release|Any CPU
		{B7B1A58A-5552-4560-8E21-024AA46B53CD}.Debug|Any CPU.ActiveCfg = Debug|Any CPU
		{B7B1A58A-5552-4560-8E21-024AA46B53CD}.Debug|Any CPU.Build.0 = Debug|Any CPU
		{B7B1A58A-5552-4560-8E21-024AA46B53CD}.Release|Any CPU.ActiveCfg = Release|Any CPU
		{B7B1A58A-5552-4560-8E21-024AA46B53CD}.Release|Any CPU.Build.0 = Release|Any CPU
		{8C8A4F80-7711-4AE3-B0D0-9819E613BEE5}.Debug|Any CPU.ActiveCfg = Debug|Any CPU
		{8C8A4F80-7711-4AE3-B0D0-9819E613BEE5}.Debug|Any CPU.Build.0 = Debug|Any CPU
		{8C8A4F80-7711-4AE3-B0D0-9819E613BEE5}.Release|Any CPU.ActiveCfg = Release|Any CPU
		{8C8A4F80-7711-4AE3-B0D0-9819E613BEE5}.Release|Any CPU.Build.0 = Release|Any CPU
		{EFD59731-AB7C-4C8E-A152-53CEC83CE923}.Debug|Any CPU.ActiveCfg = Debug|Any CPU
		{EFD59731-AB7C-4C8E-A152-53CEC83CE923}.Debug|Any CPU.Build.0 = Debug|Any CPU
		{EFD59731-AB7C-4C8E-A152-53CEC83CE923}.Release|Any CPU.ActiveCfg = Release|Any CPU
		{EFD59731-AB7C-4C8E-A152-53CEC83CE923}.Release|Any CPU.Build.0 = Release|Any CPU
		{CE404331-78F7-49D3-BE77-2C6328F21A10}.Debug|Any CPU.ActiveCfg = Debug|Any CPU
		{CE404331-78F7-49D3-BE77-2C6328F21A10}.Debug|Any CPU.Build.0 = Debug|Any CPU
		{CE404331-78F7-49D3-BE77-2C6328F21A10}.Release|Any CPU.ActiveCfg = Release|Any CPU
		{CE404331-78F7-49D3-BE77-2C6328F21A10}.Release|Any CPU.Build.0 = Release|Any CPU
	EndGlobalSection
	GlobalSection(SolutionProperties) = preSolution
		HideSolutionNode = FALSE
	EndGlobalSection
	GlobalSection(ExtensibilityGlobals) = postSolution
		SolutionGuid = {719A434E-D84D-4AA7-802B-56A6C627281E}
	EndGlobalSection
EndGlobal
